
Microsoft Visual Studio Solution File, Format Version 12.00
# Visual Studio Version 17
VisualStudioVersion = 17.0.32014.148
MinimumVisualStudioVersion = 10.0.40219.1
Project("{FAE04EC0-301F-11D3-BF4B-00C04F79EFBC}") = "Task_8_Console", "Task_8_Console\Task_8_Console.csproj", "{E82AE243-7C5D-4C7C-879C-05A2557BD504}"
EndProject
Project("{FAE04EC0-301F-11D3-BF4B-00C04F79EFBC}") = "Printer", "Printer\Printer.csproj", "{87FB452B-EAC8-4B13-A89A-C79579452AFF}"
EndProject
Global
	GlobalSection(SolutionConfigurationPlatforms) = preSolution
		Debug|Any CPU = Debug|Any CPU
		Release|Any CPU = Release|Any CPU
	EndGlobalSection
	GlobalSection(ProjectConfigurationPlatforms) = postSolution
		{E82AE243-7C5D-4C7C-879C-05A2557BD504}.Debug|Any CPU.ActiveCfg = Debug|Any CPU
		{E82AE243-7C5D-4C7C-879C-05A2557BD504}.Debug|Any CPU.Build.0 = Debug|Any CPU
		{E82AE243-7C5D-4C7C-879C-05A2557BD504}.Release|Any CPU.ActiveCfg = Release|Any CPU
		{E82AE243-7C5D-4C7C-879C-05A2557BD504}.Release|Any CPU.Build.0 = Release|Any CPU
		{87FB452B-EAC8-4B13-A89A-C79579452AFF}.Debug|Any CPU.ActiveCfg = Debug|Any CPU
		{87FB452B-EAC8-4B13-A89A-C79579452AFF}.Debug|Any CPU.Build.0 = Debug|Any CPU
		{87FB452B-EAC8-4B13-A89A-C79579452AFF}.Release|Any CPU.ActiveCfg = Release|Any CPU
		{87FB452B-EAC8-4B13-A89A-C79579452AFF}.Release|Any CPU.Build.0 = Release|Any CPU
	EndGlobalSection
	GlobalSection(SolutionProperties) = preSolution
		HideSolutionNode = FALSE
	EndGlobalSection
	GlobalSection(ExtensibilityGlobals) = postSolution
		SolutionGuid = {04BAA36A-0C0E-4B3D-8F54-D57FF17F7727}
	EndGlobalSection
EndGlobal
